// !$*UTF8*$!
{
	archiveVersion = 1;
	classes = {
	};
	objectVersion = 46;
	objects = {

/* Begin PBXBuildFile section */
		248AEF591CDFC7160041E619 /* MenuScene.sks in Resources */ = {isa = PBXBuildFile; fileRef = 248AEF581CDFC7160041E619 /* MenuScene.sks */; };
		248AEF5D1CDFC75C0041E619 /* MenuScene.swift in Sources */ = {isa = PBXBuildFile; fileRef = 248AEF5C1CDFC75C0041E619 /* MenuScene.swift */; };
		24993B4F1CDEA1FD0075F9BC /* AppDelegate.swift in Sources */ = {isa = PBXBuildFile; fileRef = 24993B4E1CDEA1FD0075F9BC /* AppDelegate.swift */; };
		24993B511CDEA1FD0075F9BC /* GameScene.sks in Resources */ = {isa = PBXBuildFile; fileRef = 24993B501CDEA1FD0075F9BC /* GameScene.sks */; };
		24993B531CDEA1FD0075F9BC /* GameScene.swift in Sources */ = {isa = PBXBuildFile; fileRef = 24993B521CDEA1FD0075F9BC /* GameScene.swift */; };
		24993B551CDEA1FD0075F9BC /* GameViewController.swift in Sources */ = {isa = PBXBuildFile; fileRef = 24993B541CDEA1FD0075F9BC /* GameViewController.swift */; };
		24993B581CDEA1FD0075F9BC /* Main.storyboard in Resources */ = {isa = PBXBuildFile; fileRef = 24993B561CDEA1FD0075F9BC /* Main.storyboard */; };
		24993B5A1CDEA1FD0075F9BC /* Assets.xcassets in Resources */ = {isa = PBXBuildFile; fileRef = 24993B591CDEA1FD0075F9BC /* Assets.xcassets */; };
		24993B5D1CDEA1FD0075F9BC /* LaunchScreen.storyboard in Resources */ = {isa = PBXBuildFile; fileRef = 24993B5B1CDEA1FD0075F9BC /* LaunchScreen.storyboard */; };
/* End PBXBuildFile section */

/* Begin PBXFileReference section */
		248AEF581CDFC7160041E619 /* MenuScene.sks */ = {isa = PBXFileReference; lastKnownFileType = file.sks; path = MenuScene.sks; sourceTree = "<group>"; };
		248AEF5C1CDFC75C0041E619 /* MenuScene.swift */ = {isa = PBXFileReference; fileEncoding = 4; lastKnownFileType = sourcecode.swift; path = MenuScene.swift; sourceTree = "<group>"; };
		24993B4B1CDEA1FD0075F9BC /* PenguinJump.app */ = {isa = PBXFileReference; explicitFileType = wrapper.application; includeInIndex = 0; path = PenguinJump.app; sourceTree = BUILT_PRODUCTS_DIR; };
		24993B4E1CDEA1FD0075F9BC /* AppDelegate.swift */ = {isa = PBXFileReference; lastKnownFileType = sourcecode.swift; path = AppDelegate.swift; sourceTree = "<group>"; };
		24993B501CDEA1FD0075F9BC /* GameScene.sks */ = {isa = PBXFileReference; lastKnownFileType = file.sks; path = GameScene.sks; sourceTree = "<group>"; };
		24993B521CDEA1FD0075F9BC /* GameScene.swift */ = {isa = PBXFileReference; lastKnownFileType = sourcecode.swift; path = GameScene.swift; sourceTree = "<group>"; };
		24993B541CDEA1FD0075F9BC /* GameViewController.swift */ = {isa = PBXFileReference; lastKnownFileType = sourcecode.swift; path = GameViewController.swift; sourceTree = "<group>"; };
		24993B571CDEA1FD0075F9BC /* Base */ = {isa = PBXFileReference; lastKnownFileType = file.storyboard; name = Base; path = Base.lproj/Main.storyboard; sourceTree = "<group>"; };
		24993B591CDEA1FD0075F9BC /* Assets.xcassets */ = {isa = PBXFileReference; lastKnownFileType = folder.assetcatalog; path = Assets.xcassets; sourceTree = "<group>"; };
		24993B5C1CDEA1FD0075F9BC /* Base */ = {isa = PBXFileReference; lastKnownFileType = file.storyboard; name = Base; path = Base.lproj/LaunchScreen.storyboard; sourceTree = "<group>"; };
		24993B5E1CDEA1FD0075F9BC /* Info.plist */ = {isa = PBXFileReference; lastKnownFileType = text.plist.xml; path = Info.plist; sourceTree = "<group>"; };
/* End PBXFileReference section */

/* Begin PBXFrameworksBuildPhase section */
		24993B481CDEA1FD0075F9BC /* Frameworks */ = {
			isa = PBXFrameworksBuildPhase;
			buildActionMask = 2147483647;
			files = (
			);
			runOnlyForDeploymentPostprocessing = 0;
		};
/* End PBXFrameworksBuildPhase section */

/* Begin PBXGroup section */
		24993B421CDEA1FD0075F9BC = {
			isa = PBXGroup;
			children = (
				24993B4D1CDEA1FD0075F9BC /* PenguinJump */,
				24993B4C1CDEA1FD0075F9BC /* Products */,
			);
			sourceTree = "<group>";
		};
		24993B4C1CDEA1FD0075F9BC /* Products */ = {
			isa = PBXGroup;
			children = (
				24993B4B1CDEA1FD0075F9BC /* PenguinJump.app */,
			);
			name = Products;
			sourceTree = "<group>";
		};
		24993B4D1CDEA1FD0075F9BC /* PenguinJump */ = {
			isa = PBXGroup;
			children = (
				24993B4E1CDEA1FD0075F9BC /* AppDelegate.swift */,
				24993B501CDEA1FD0075F9BC /* GameScene.sks */,
				248AEF581CDFC7160041E619 /* MenuScene.sks */,
				24993B521CDEA1FD0075F9BC /* GameScene.swift */,
				248AEF5C1CDFC75C0041E619 /* MenuScene.swift */,
				24993B541CDEA1FD0075F9BC /* GameViewController.swift */,
				24993B561CDEA1FD0075F9BC /* Main.storyboard */,
				24993B591CDEA1FD0075F9BC /* Assets.xcassets */,
				24993B5B1CDEA1FD0075F9BC /* LaunchScreen.storyboard */,
				24993B5E1CDEA1FD0075F9BC /* Info.plist */,
			);
			path = PenguinJump;
			sourceTree = "<group>";
		};
/* End PBXGroup section */

/* Begin PBXNativeTarget section */
		24993B4A1CDEA1FD0075F9BC /* PenguinJump */ = {
			isa = PBXNativeTarget;
			buildConfigurationList = 24993B611CDEA1FD0075F9BC /* Build configuration list for PBXNativeTarget "PenguinJump" */;
			buildPhases = (
				24993B471CDEA1FD0075F9BC /* Sources */,
				24993B481CDEA1FD0075F9BC /* Frameworks */,
				24993B491CDEA1FD0075F9BC /* Resources */,
			);
			buildRules = (
			);
			dependencies = (
			);
			name = PenguinJump;
			productName = PenguinJump;
			productReference = 24993B4B1CDEA1FD0075F9BC /* PenguinJump.app */;
			productType = "com.apple.product-type.application";
		};
/* End PBXNativeTarget section */

/* Begin PBXProject section */
		24993B431CDEA1FD0075F9BC /* Project object */ = {
			isa = PBXProject;
			attributes = {
				LastSwiftUpdateCheck = 0710;
				LastUpgradeCheck = 0710;
				ORGANIZATIONNAME = DeAnza;
				TargetAttributes = {
					24993B4A1CDEA1FD0075F9BC = {
						CreatedOnToolsVersion = 7.1.1;
					};
				};
			};
			buildConfigurationList = 24993B461CDEA1FD0075F9BC /* Build configuration list for PBXProject "PenguinJump" */;
			compatibilityVersion = "Xcode 3.2";
			developmentRegion = English;
			hasScannedForEncodings = 0;
			knownRegions = (
				en,
				Base,
			);
			mainGroup = 24993B421CDEA1FD0075F9BC;
			productRefGroup = 24993B4C1CDEA1FD0075F9BC /* Products */;
			projectDirPath = "";
			projectRoot = "";
			targets = (
				24993B4A1CDEA1FD0075F9BC /* PenguinJump */,
			);
		};
/* End PBXProject section */

/* Begin PBXResourcesBuildPhase section */
		24993B491CDEA1FD0075F9BC /* Resources */ = {
			isa = PBXResourcesBuildPhase;
			buildActionMask = 2147483647;
			files = (
				24993B511CDEA1FD0075F9BC /* GameScene.sks in Resources */,
				24993B5D1CDEA1FD0075F9BC /* LaunchScreen.storyboard in Resources */,
				24993B5A1CDEA1FD0075F9BC /* Assets.xcassets in Resources */,
				248AEF591CDFC7160041E619 /* MenuScene.sks in Resources */,
				24993B581CDEA1FD0075F9BC /* Main.storyboard in Resources */,
			);
			runOnlyForDeploymentPostprocessing = 0;
		};
/* End PBXResourcesBuildPhase section */

/* Begin PBXSourcesBuildPhase section */
		24993B471CDEA1FD0075F9BC /* Sources */ = {
			isa = PBXSourcesBuildPhase;
			buildActionMask = 2147483647;
			files = (
				24993B531CDEA1FD0075F9BC /* GameScene.swift in Sources */,
				248AEF5D1CDFC75C0041E619 /* MenuScene.swift in Sources */,
				24993B551CDEA1FD0075F9BC /* GameViewController.swift in Sources */,
				24993B4F1CDEA1FD0075F9BC /* AppDelegate.swift in Sources */,
			);
			runOnlyForDeploymentPostprocessing = 0;
		};
/* End PBXSourcesBuildPhase section */

/* Begin PBXVariantGroup section */
		24993B561CDEA1FD0075F9BC /* Main.storyboard */ = {
			isa = PBXVariantGroup;
			children = (
				24993B571CDEA1FD0075F9BC /* Base */,
			);
			name = Main.storyboard;
			sourceTree = "<group>";
		};
		24993B5B1CDEA1FD0075F9BC /* LaunchScreen.storyboard */ = {
			isa = PBXVariantGroup;
			children = (
				24993B5C1CDEA1FD0075F9BC /* Base */,
			);
			name = LaunchScreen.storyboard;
			sourceTree = "<group>";
		};
/* End PBXVariantGroup section */

/* Begin XCBuildConfiguration section */
		24993B5F1CDEA1FD0075F9BC /* Debug */ = {
			isa = XCBuildConfiguration;
			buildSettings = {
				ALWAYS_SEARCH_USER_PATHS = NO;
				CLANG_CXX_LANGUAGE_STANDARD = "gnu++0x";
				CLANG_CXX_LIBRARY = "libc++";
				CLANG_ENABLE_MODULES = YES;
				CLANG_ENABLE_OBJC_ARC = YES;
				CLANG_WARN_BOOL_CONVERSION = YES;
				CLANG_WARN_CONSTANT_CONVERSION = YES;
				CLANG_WARN_DIRECT_OBJC_ISA_USAGE = YES_ERROR;
				CLANG_WARN_EMPTY_BODY = YES;
				CLANG_WARN_ENUM_CONVERSION = YES;
				CLANG_WARN_INT_CONVERSION = YES;
				CLANG_WARN_OBJC_ROOT_CLASS = YES_ERROR;
				CLANG_WARN_UNREACHABLE_CODE = YES;
				CLANG_WARN__DUPLICATE_METHOD_MATCH = YES;
				"CODE_SIGN_IDENTITY[sdk=iphoneos*]" = "iPhone Developer";
				COPY_PHASE_STRIP = NO;
				DEBUG_INFORMATION_FORMAT = "dwarf-with-dsym";
				ENABLE_STRICT_OBJC_MSGSEND = YES;
				ENABLE_TESTABILITY = YES;
				GCC_C_LANGUAGE_STANDARD = gnu99;
				GCC_DYNAMIC_NO_PIC = NO;
				GCC_NO_COMMON_BLOCKS = YES;
				GCC_OPTIMIZATION_LEVEL = 0;
				GCC_PREPROCESSOR_DEFINITIONS = (
					"DEBUG=1",
					"$(inherited)",
				);
				GCC_WARN_64_TO_32_BIT_CONVERSION = YES;
				GCC_WARN_ABOUT_RETURN_TYPE = YES_ERROR;
				GCC_WARN_UNDECLARED_SELECTOR = YES;
				GCC_WARN_UNINITIALIZED_AUTOS = YES_AGGRESSIVE;
				GCC_WARN_UNUSED_FUNCTION = YES;
				GCC_WARN_UNUSED_VARIABLE = YES;
				IPHONEOS_DEPLOYMENT_TARGET = 9.1;
				MTL_ENABLE_DEBUG_INFO = YES;
				ONLY_ACTIVE_ARCH = YES;
				SDKROOT = iphoneos;
				SWIFT_OPTIMIZATION_LEVEL = "-Onone";
			};
			name = Debug;
		};
		24993B601CDEA1FD0075F9BC /* Release */ = {
			isa = XCBuildConfiguration;
			buildSettings = {
				ALWAYS_SEARCH_USER_PATHS = NO;
				CLANG_CXX_LANGUAGE_STANDARD = "gnu++0x";
				CLANG_CXX_LIBRARY = "libc++";
				CLANG_ENABLE_MODULES = YES;
				CLANG_ENABLE_OBJC_ARC = YES;
				CLANG_WARN_BOOL_CONVERSION = YES;
				CLANG_WARN_CONSTANT_CONVERSION = YES;
				CLANG_WARN_DIRECT_OBJC_ISA_USAGE = YES_ERROR;
				CLANG_WARN_EMPTY_BODY = YES;
				CLANG_WARN_ENUM_CONVERSION = YES;
				CLANG_WARN_INT_CONVERSION = YES;
				CLANG_WARN_OBJC_ROOT_CLASS = YES_ERROR;
				CLANG_WARN_UNREACHABLE_CODE = YES;
				CLANG_WARN__DUPLICATE_METHOD_MATCH = YES;
				"CODE_SIGN_IDENTITY[sdk=iphoneos*]" = "iPhone Developer";
				COPY_PHASE_STRIP = NO;
				DEBUG_INFORMATION_FORMAT = "dwarf-with-dsym";
				ENABLE_NS_ASSERTIONS = NO;
				ENABLE_STRICT_OBJC_MSGSEND = YES;
				GCC_C_LANGUAGE_STANDARD = gnu99;
				GCC_NO_COMMON_BLOCKS = YES;
				GCC_WARN_64_TO_32_BIT_CONVERSION = YES;
				GCC_WARN_ABOUT_RETURN_TYPE = YES_ERROR;
				GCC_WARN_UNDECLARED_SELECTOR = YES;
				GCC_WARN_UNINITIALIZED_AUTOS = YES_AGGRESSIVE;
				GCC_WARN_UNUSED_FUNCTION = YES;
				GCC_WARN_UNUSED_VARIABLE = YES;
				IPHONEOS_DEPLOYMENT_TARGET = 9.1;
				MTL_ENABLE_DEBUG_INFO = NO;
				SDKROOT = iphoneos;
				VALIDATE_PRODUCT = YES;
			};
			name = Release;
		};
		24993B621CDEA1FD0075F9BC /* Debug */ = {
			isa = XCBuildConfiguration;
			buildSettings = {
				ASSETCATALOG_COMPILER_APPICON_NAME = AppIcon;
				INFOPLIST_FILE = PenguinJump/Info.plist;
				LD_RUNPATH_SEARCH_PATHS = "$(inherited) @executable_path/Frameworks";
				PRODUCT_BUNDLE_IDENTIFIER = edu.deanza.spark.PenguinJump;
				PRODUCT_NAME = "$(TARGET_NAME)";
			};
			name = Debug;
		};
		24993B631CDEA1FD0075F9BC /* Release */ = {
			isa = XCBuildConfiguration;
			buildSettings = {
				ASSETCATALOG_COMPILER_APPICON_NAME = AppIcon;
				INFOPLIST_FILE = PenguinJump/Info.plist;
				LD_RUNPATH_SEARCH_PATHS = "$(inherited) @executable_path/Frameworks";
				PRODUCT_BUNDLE_IDENTIFIER = edu.deanza.spark.PenguinJump;
				PRODUCT_NAME = "$(TARGET_NAME)";
			};
			name = Release;
		};
/* End XCBuildConfiguration section */

/* Begin XCConfigurationList section */
		24993B461CDEA1FD0075F9BC /* Build configuration list for PBXProject "PenguinJump" */ = {
			isa = XCConfigurationList;
			buildConfigurations = (
				24993B5F1CDEA1FD0075F9BC /* Debug */,
				24993B601CDEA1FD0075F9BC /* Release */,
			);
			defaultConfigurationIsVisible = 0;
			defaultConfigurationName = Release;
		};
		24993B611CDEA1FD0075F9BC /* Build configuration list for PBXNativeTarget "PenguinJump" */ = {
			isa = XCConfigurationList;
			buildConfigurations = (
				24993B621CDEA1FD0075F9BC /* Debug */,
				24993B631CDEA1FD0075F9BC /* Release */,
			);
			defaultConfigurationIsVisible = 0;
			defaultConfigurationName = Release;
		};
/* End XCConfigurationList section */
	};
	rootObject = 24993B431CDEA1FD0075F9BC /* Project object */;
}
